// !$*UTF8*$!
{
	archiveVersion = 1;
	classes = {
	};
	objectVersion = 46;
	objects = {

/* Begin PBXAggregateTarget section */
		25A7FBCC17EB09ED0018C239 /* JSKitFramework */ = {
			isa = PBXAggregateTarget;
			buildConfigurationList = 25A7FBCD17EB09ED0018C239 /* Build configuration list for PBXAggregateTarget "JSKitFramework" */;
			buildPhases = (
				25A7FBD017EB0A070018C239 /* Run Script */,
			);
			dependencies = (
			);
			name = JSKitFramework;
			productName = JSKit.framework;
		};
/* End PBXAggregateTarget section */

/* Begin PBXBuildFile section */
		2560466417EB1019008C91F7 /* JSViewController.h in Headers */ = {isa = PBXBuildFile; fileRef = 2560466217EB1019008C91F7 /* JSViewController.h */; settings = {ATTRIBUTES = (Public, ); }; };
		2560466517EB1019008C91F7 /* JSViewController.m in Sources */ = {isa = PBXBuildFile; fileRef = 2560466317EB1019008C91F7 /* JSViewController.m */; };
		2560466B17EB136F008C91F7 /* JSKit.h in Headers */ = {isa = PBXBuildFile; fileRef = 2560466A17EB136F008C91F7 /* JSKit.h */; settings = {ATTRIBUTES = (Public, ); }; };
		2560466F17EB14D5008C91F7 /* JSKit.framework in Frameworks */ = {isa = PBXBuildFile; fileRef = 2560466817EB1335008C91F7 /* JSKit.framework */; };
		2560467417EB1542008C91F7 /* JSAppDelegate.h in Headers */ = {isa = PBXBuildFile; fileRef = 2560467217EB1542008C91F7 /* JSAppDelegate.h */; settings = {ATTRIBUTES = (Public, ); }; };
		2560467517EB1542008C91F7 /* JSAppDelegate.m in Sources */ = {isa = PBXBuildFile; fileRef = 2560467317EB1542008C91F7 /* JSAppDelegate.m */; };
		25A7FB7B17EB08950018C239 /* UIKit.framework in Frameworks */ = {isa = PBXBuildFile; fileRef = 25A7FB7A17EB08950018C239 /* UIKit.framework */; };
		25A7FB7D17EB08950018C239 /* Foundation.framework in Frameworks */ = {isa = PBXBuildFile; fileRef = 25A7FB7C17EB08950018C239 /* Foundation.framework */; };
		25A7FB7F17EB08950018C239 /* CoreGraphics.framework in Frameworks */ = {isa = PBXBuildFile; fileRef = 25A7FB7E17EB08950018C239 /* CoreGraphics.framework */; };
		25A7FBB417EB09370018C239 /* AppDelegate.m in Sources */ = {isa = PBXBuildFile; fileRef = 25A7FBA717EB09370018C239 /* AppDelegate.m */; };
		25A7FBB517EB09370018C239 /* InfoPlist.strings in Resources */ = {isa = PBXBuildFile; fileRef = 25A7FBA817EB09370018C239 /* InfoPlist.strings */; };
		25A7FBB717EB09370018C239 /* main.m in Sources */ = {isa = PBXBuildFile; fileRef = 25A7FBAC17EB09370018C239 /* main.m */; };
		25A7FBB817EB09370018C239 /* Default-568h@2x.png in Resources */ = {isa = PBXBuildFile; fileRef = 25A7FBAF17EB09370018C239 /* Default-568h@2x.png */; };
		25A7FBB917EB09370018C239 /* Default@2x.png in Resources */ = {isa = PBXBuildFile; fileRef = 25A7FBB017EB09370018C239 /* Default@2x.png */; };
		25A7FBBA17EB09370018C239 /* Default.png in Resources */ = {isa = PBXBuildFile; fileRef = 25A7FBB217EB09370018C239 /* Default.png */; };
		25A7FBC717EB09810018C239 /* InfoPlist.strings in Resources */ = {isa = PBXBuildFile; fileRef = 25A7FBC517EB09810018C239 /* InfoPlist.strings */; };
		25A7FBD317EB0A4B0018C239 /* JSView.m in Sources */ = {isa = PBXBuildFile; fileRef = 25A7FBD217EB0A4B0018C239 /* JSView.m */; };
		25A7FBD517EB0A6A0018C239 /* JSView.h in Headers */ = {isa = PBXBuildFile; fileRef = 25A7FBD117EB0A4B0018C239 /* JSView.h */; settings = {ATTRIBUTES = (Public, ); }; };
		25B8E86517EC827E00826258 /* JSAsyncTask.h in Headers */ = {isa = PBXBuildFile; fileRef = 25B8E86317EC827E00826258 /* JSAsyncTask.h */; settings = {ATTRIBUTES = (Public, ); }; };
		25B8E86617EC827E00826258 /* JSAsyncTask.m in Sources */ = {isa = PBXBuildFile; fileRef = 25B8E86417EC827E00826258 /* JSAsyncTask.m */; };
		25B8E86917EC854B00826258 /* JSAsyncTask_Private.h in Headers */ = {isa = PBXBuildFile; fileRef = 25B8E86817EC854B00826258 /* JSAsyncTask_Private.h */; settings = {ATTRIBUTES = (Private, ); }; };
		25B8E86C17EC859B00826258 /* JSAsyncTaskManager.h in Headers */ = {isa = PBXBuildFile; fileRef = 25B8E86A17EC859B00826258 /* JSAsyncTaskManager.h */; settings = {ATTRIBUTES = (Private, ); }; };
		25B8E86D17EC859B00826258 /* JSAsyncTaskManager.m in Sources */ = {isa = PBXBuildFile; fileRef = 25B8E86B17EC859B00826258 /* JSAsyncTaskManager.m */; };
		25B8E87017EC862600826258 /* JSAsyncTaskQueueInfo.h in Headers */ = {isa = PBXBuildFile; fileRef = 25B8E86E17EC862600826258 /* JSAsyncTaskQueueInfo.h */; settings = {ATTRIBUTES = (Private, ); }; };
		25B8E87117EC862600826258 /* JSAsyncTaskQueueInfo.m in Sources */ = {isa = PBXBuildFile; fileRef = 25B8E86F17EC862600826258 /* JSAsyncTaskQueueInfo.m */; };
		25B8E87A17EC9C6400826258 /* AsyncTask.m in Sources */ = {isa = PBXBuildFile; fileRef = 25B8E87717EC9C6400826258 /* AsyncTask.m */; };
		25B8E87B17EC9C6400826258 /* ViewController.m in Sources */ = {isa = PBXBuildFile; fileRef = 25B8E87917EC9C6400826258 /* ViewController.m */; };
		25B8E89117EC9D6000826258 /* NSDictionary+BaseValues.h in Headers */ = {isa = PBXBuildFile; fileRef = 25B8E87D17EC9D6000826258 /* NSDictionary+BaseValues.h */; settings = {ATTRIBUTES = (Public, ); }; };
		25B8E89217EC9D6000826258 /* NSDictionary+BaseValues.m in Sources */ = {isa = PBXBuildFile; fileRef = 25B8E87E17EC9D6000826258 /* NSDictionary+BaseValues.m */; };
		25B8E89317EC9D6000826258 /* NSMutableDictionary+BaseValues.h in Headers */ = {isa = PBXBuildFile; fileRef = 25B8E87F17EC9D6000826258 /* NSMutableDictionary+BaseValues.h */; settings = {ATTRIBUTES = (Public, ); }; };
		25B8E89417EC9D6000826258 /* NSMutableDictionary+BaseValues.m in Sources */ = {isa = PBXBuildFile; fileRef = 25B8E88017EC9D6000826258 /* NSMutableDictionary+BaseValues.m */; };
		25B8E89717EC9D6000826258 /* NSString+URL.h in Headers */ = {isa = PBXBuildFile; fileRef = 25B8E88317EC9D6000826258 /* NSString+URL.h */; settings = {ATTRIBUTES = (Public, ); }; };
		25B8E89817EC9D6000826258 /* NSString+URL.m in Sources */ = {isa = PBXBuildFile; fileRef = 25B8E88417EC9D6000826258 /* NSString+URL.m */; };
		25B8E89917EC9D6000826258 /* UIImage+CustomInit.h in Headers */ = {isa = PBXBuildFile; fileRef = 25B8E88517EC9D6000826258 /* UIImage+CustomInit.h */; settings = {ATTRIBUTES = (Public, ); }; };
		25B8E89A17EC9D6000826258 /* UIImage+CustomInit.m in Sources */ = {isa = PBXBuildFile; fileRef = 25B8E88617EC9D6000826258 /* UIImage+CustomInit.m */; };
		25B8E89D17EC9D6000826258 /* UITableView+CustomInit.h in Headers */ = {isa = PBXBuildFile; fileRef = 25B8E88917EC9D6000826258 /* UITableView+CustomInit.h */; settings = {ATTRIBUTES = (Public, ); }; };
		25B8E89E17EC9D6000826258 /* UITableView+CustomInit.m in Sources */ = {isa = PBXBuildFile; fileRef = 25B8E88A17EC9D6000826258 /* UITableView+CustomInit.m */; };
		25B8E89F17EC9D6000826258 /* UIView+Center.h in Headers */ = {isa = PBXBuildFile; fileRef = 25B8E88B17EC9D6000826258 /* UIView+Center.h */; settings = {ATTRIBUTES = (Public, ); }; };
		25B8E8A017EC9D6000826258 /* UIView+Center.m in Sources */ = {isa = PBXBuildFile; fileRef = 25B8E88C17EC9D6000826258 /* UIView+Center.m */; };
		25B8E8A117EC9D6000826258 /* UIView+RemoveSubviews.h in Headers */ = {isa = PBXBuildFile; fileRef = 25B8E88D17EC9D6000826258 /* UIView+RemoveSubviews.h */; settings = {ATTRIBUTES = (Public, ); }; };
		25B8E8A217EC9D6000826258 /* UIView+RemoveSubviews.m in Sources */ = {isa = PBXBuildFile; fileRef = 25B8E88E17EC9D6000826258 /* UIView+RemoveSubviews.m */; };
		25B8E8A317EC9D6000826258 /* UIView+Frame.h in Headers */ = {isa = PBXBuildFile; fileRef = 25B8E88F17EC9D6000826258 /* UIView+Frame.h */; settings = {ATTRIBUTES = (Public, ); }; };
		25B8E8A417EC9D6000826258 /* UIView+Frame.m in Sources */ = {isa = PBXBuildFile; fileRef = 25B8E89017EC9D6000826258 /* UIView+Frame.m */; };
/* End PBXBuildFile section */

/* Begin PBXContainerItemProxy section */
		2560467017EB14DC008C91F7 /* PBXContainerItemProxy */ = {
			isa = PBXContainerItemProxy;
			containerPortal = 25A7FB6F17EB08950018C239 /* Project object */;
			proxyType = 1;
			remoteGlobalIDString = 25A7FBCC17EB09ED0018C239;
			remoteInfo = JSKitFramework;
		};
/* End PBXContainerItemProxy section */

/* Begin PBXFileReference section */
		2560466217EB1019008C91F7 /* JSViewController.h */ = {isa = PBXFileReference; fileEncoding = 4; lastKnownFileType = sourcecode.c.h; path = JSViewController.h; sourceTree = "<group>"; };
		2560466317EB1019008C91F7 /* JSViewController.m */ = {isa = PBXFileReference; fileEncoding = 4; lastKnownFileType = sourcecode.c.objc; path = JSViewController.m; sourceTree = "<group>"; };
		2560466817EB1335008C91F7 /* JSKit.framework */ = {isa = PBXFileReference; lastKnownFileType = wrapper.framework; name = JSKit.framework; path = Products/JSKit.framework; sourceTree = "<group>"; };
		2560466A17EB136F008C91F7 /* JSKit.h */ = {isa = PBXFileReference; fileEncoding = 4; lastKnownFileType = sourcecode.c.h; path = JSKit.h; sourceTree = "<group>"; };
		2560467217EB1542008C91F7 /* JSAppDelegate.h */ = {isa = PBXFileReference; fileEncoding = 4; lastKnownFileType = sourcecode.c.h; path = JSAppDelegate.h; sourceTree = "<group>"; };
		2560467317EB1542008C91F7 /* JSAppDelegate.m */ = {isa = PBXFileReference; fileEncoding = 4; lastKnownFileType = sourcecode.c.objc; path = JSAppDelegate.m; sourceTree = "<group>"; };
		25A7FB7717EB08950018C239 /* JSKitSampleApp.app */ = {isa = PBXFileReference; explicitFileType = wrapper.application; includeInIndex = 0; path = JSKitSampleApp.app; sourceTree = BUILT_PRODUCTS_DIR; };
		25A7FB7A17EB08950018C239 /* UIKit.framework */ = {isa = PBXFileReference; lastKnownFileType = wrapper.framework; name = UIKit.framework; path = System/Library/Frameworks/UIKit.framework; sourceTree = SDKROOT; };
		25A7FB7C17EB08950018C239 /* Foundation.framework */ = {isa = PBXFileReference; lastKnownFileType = wrapper.framework; name = Foundation.framework; path = System/Library/Frameworks/Foundation.framework; sourceTree = SDKROOT; };
		25A7FB7E17EB08950018C239 /* CoreGraphics.framework */ = {isa = PBXFileReference; lastKnownFileType = wrapper.framework; name = CoreGraphics.framework; path = System/Library/Frameworks/CoreGraphics.framework; sourceTree = SDKROOT; };
		25A7FBA617EB09370018C239 /* AppDelegate.h */ = {isa = PBXFileReference; fileEncoding = 4; lastKnownFileType = sourcecode.c.h; path = AppDelegate.h; sourceTree = "<group>"; };
		25A7FBA717EB09370018C239 /* AppDelegate.m */ = {isa = PBXFileReference; fileEncoding = 4; lastKnownFileType = sourcecode.c.objc; path = AppDelegate.m; sourceTree = "<group>"; };
		25A7FBA917EB09370018C239 /* en */ = {isa = PBXFileReference; lastKnownFileType = text.plist.strings; name = en; path = en.lproj/InfoPlist.strings; sourceTree = "<group>"; };
		25A7FBAA17EB09370018C239 /* JSKit-Info.plist */ = {isa = PBXFileReference; fileEncoding = 4; lastKnownFileType = text.plist.xml; path = "JSKit-Info.plist"; sourceTree = "<group>"; };
		25A7FBAB17EB09370018C239 /* JSKit-Prefix.pch */ = {isa = PBXFileReference; fileEncoding = 4; lastKnownFileType = sourcecode.c.h; path = "JSKit-Prefix.pch"; sourceTree = "<group>"; };
		25A7FBAC17EB09370018C239 /* main.m */ = {isa = PBXFileReference; fileEncoding = 4; lastKnownFileType = sourcecode.c.objc; path = main.m; sourceTree = "<group>"; };
		25A7FBAF17EB09370018C239 /* Default-568h@2x.png */ = {isa = PBXFileReference; lastKnownFileType = image.png; path = "Default-568h@2x.png"; sourceTree = "<group>"; };
		25A7FBB017EB09370018C239 /* Default@2x.png */ = {isa = PBXFileReference; lastKnownFileType = image.png; path = "Default@2x.png"; sourceTree = "<group>"; };
		25A7FBB217EB09370018C239 /* Default.png */ = {isa = PBXFileReference; lastKnownFileType = image.png; path = Default.png; sourceTree = "<group>"; };
		25A7FBBF17EB09810018C239 /* JSKit.framework */ = {isa = PBXFileReference; explicitFileType = wrapper.cfbundle; includeInIndex = 0; path = JSKit.framework; sourceTree = BUILT_PRODUCTS_DIR; };
		25A7FBC417EB09810018C239 /* JSKitBundle-Info.plist */ = {isa = PBXFileReference; lastKnownFileType = text.plist.xml; path = "JSKitBundle-Info.plist"; sourceTree = "<group>"; };
		25A7FBC617EB09810018C239 /* en */ = {isa = PBXFileReference; lastKnownFileType = text.plist.strings; name = en; path = en.lproj/InfoPlist.strings; sourceTree = "<group>"; };
		25A7FBC817EB09810018C239 /* JSKitBundle-Prefix.pch */ = {isa = PBXFileReference; lastKnownFileType = sourcecode.c.h; path = "JSKitBundle-Prefix.pch"; sourceTree = "<group>"; };
		25A7FBD117EB0A4B0018C239 /* JSView.h */ = {isa = PBXFileReference; fileEncoding = 4; lastKnownFileType = sourcecode.c.h; path = JSView.h; sourceTree = "<group>"; };
		25A7FBD217EB0A4B0018C239 /* JSView.m */ = {isa = PBXFileReference; fileEncoding = 4; lastKnownFileType = sourcecode.c.objc; path = JSView.m; sourceTree = "<group>"; };
		25B8E86317EC827E00826258 /* JSAsyncTask.h */ = {isa = PBXFileReference; fileEncoding = 4; lastKnownFileType = sourcecode.c.h; path = JSAsyncTask.h; sourceTree = "<group>"; };
		25B8E86417EC827E00826258 /* JSAsyncTask.m */ = {isa = PBXFileReference; fileEncoding = 4; lastKnownFileType = sourcecode.c.objc; path = JSAsyncTask.m; sourceTree = "<group>"; };
		25B8E86817EC854B00826258 /* JSAsyncTask_Private.h */ = {isa = PBXFileReference; fileEncoding = 4; lastKnownFileType = sourcecode.c.h; path = JSAsyncTask_Private.h; sourceTree = "<group>"; };
		25B8E86A17EC859B00826258 /* JSAsyncTaskManager.h */ = {isa = PBXFileReference; fileEncoding = 4; lastKnownFileType = sourcecode.c.h; path = JSAsyncTaskManager.h; sourceTree = "<group>"; };
		25B8E86B17EC859B00826258 /* JSAsyncTaskManager.m */ = {isa = PBXFileReference; fileEncoding = 4; lastKnownFileType = sourcecode.c.objc; path = JSAsyncTaskManager.m; sourceTree = "<group>"; };
		25B8E86E17EC862600826258 /* JSAsyncTaskQueueInfo.h */ = {isa = PBXFileReference; fileEncoding = 4; lastKnownFileType = sourcecode.c.h; path = JSAsyncTaskQueueInfo.h; sourceTree = "<group>"; };
		25B8E86F17EC862600826258 /* JSAsyncTaskQueueInfo.m */ = {isa = PBXFileReference; fileEncoding = 4; lastKnownFileType = sourcecode.c.objc; path = JSAsyncTaskQueueInfo.m; sourceTree = "<group>"; };
		25B8E87617EC9C6400826258 /* AsyncTask.h */ = {isa = PBXFileReference; fileEncoding = 4; lastKnownFileType = sourcecode.c.h; path = AsyncTask.h; sourceTree = "<group>"; };
		25B8E87717EC9C6400826258 /* AsyncTask.m */ = {isa = PBXFileReference; fileEncoding = 4; lastKnownFileType = sourcecode.c.objc; path = AsyncTask.m; sourceTree = "<group>"; };
		25B8E87817EC9C6400826258 /* ViewController.h */ = {isa = PBXFileReference; fileEncoding = 4; lastKnownFileType = sourcecode.c.h; path = ViewController.h; sourceTree = "<group>"; };
		25B8E87917EC9C6400826258 /* ViewController.m */ = {isa = PBXFileReference; fileEncoding = 4; lastKnownFileType = sourcecode.c.objc; path = ViewController.m; sourceTree = "<group>"; };
		25B8E87D17EC9D6000826258 /* NSDictionary+BaseValues.h */ = {isa = PBXFileReference; fileEncoding = 4; lastKnownFileType = sourcecode.c.h; path = "NSDictionary+BaseValues.h"; sourceTree = "<group>"; };
		25B8E87E17EC9D6000826258 /* NSDictionary+BaseValues.m */ = {isa = PBXFileReference; fileEncoding = 4; lastKnownFileType = sourcecode.c.objc; path = "NSDictionary+BaseValues.m"; sourceTree = "<group>"; };
		25B8E87F17EC9D6000826258 /* NSMutableDictionary+BaseValues.h */ = {isa = PBXFileReference; fileEncoding = 4; lastKnownFileType = sourcecode.c.h; path = "NSMutableDictionary+BaseValues.h"; sourceTree = "<group>"; };
		25B8E88017EC9D6000826258 /* NSMutableDictionary+BaseValues.m */ = {isa = PBXFileReference; fileEncoding = 4; lastKnownFileType = sourcecode.c.objc; path = "NSMutableDictionary+BaseValues.m"; sourceTree = "<group>"; };
		25B8E88317EC9D6000826258 /* NSString+URL.h */ = {isa = PBXFileReference; fileEncoding = 4; lastKnownFileType = sourcecode.c.h; path = "NSString+URL.h"; sourceTree = "<group>"; };
		25B8E88417EC9D6000826258 /* NSString+URL.m */ = {isa = PBXFileReference; fileEncoding = 4; lastKnownFileType = sourcecode.c.objc; path = "NSString+URL.m"; sourceTree = "<group>"; };
		25B8E88517EC9D6000826258 /* UIImage+CustomInit.h */ = {isa = PBXFileReference; fileEncoding = 4; lastKnownFileType = sourcecode.c.h; path = "UIImage+CustomInit.h"; sourceTree = "<group>"; };
		25B8E88617EC9D6000826258 /* UIImage+CustomInit.m */ = {isa = PBXFileReference; fileEncoding = 4; lastKnownFileType = sourcecode.c.objc; path = "UIImage+CustomInit.m"; sourceTree = "<group>"; };
		25B8E88917EC9D6000826258 /* UITableView+CustomInit.h */ = {isa = PBXFileReference; fileEncoding = 4; lastKnownFileType = sourcecode.c.h; path = "UITableView+CustomInit.h"; sourceTree = "<group>"; };
		25B8E88A17EC9D6000826258 /* UITableView+CustomInit.m */ = {isa = PBXFileReference; fileEncoding = 4; lastKnownFileType = sourcecode.c.objc; path = "UITableView+CustomInit.m"; sourceTree = "<group>"; };
		25B8E88B17EC9D6000826258 /* UIView+Center.h */ = {isa = PBXFileReference; fileEncoding = 4; lastKnownFileType = sourcecode.c.h; path = "UIView+Center.h"; sourceTree = "<group>"; };
		25B8E88C17EC9D6000826258 /* UIView+Center.m */ = {isa = PBXFileReference; fileEncoding = 4; lastKnownFileType = sourcecode.c.objc; path = "UIView+Center.m"; sourceTree = "<group>"; };
		25B8E88D17EC9D6000826258 /* UIView+RemoveSubviews.h */ = {isa = PBXFileReference; fileEncoding = 4; lastKnownFileType = sourcecode.c.h; path = "UIView+RemoveSubviews.h"; sourceTree = "<group>"; };
		25B8E88E17EC9D6000826258 /* UIView+RemoveSubviews.m */ = {isa = PBXFileReference; fileEncoding = 4; lastKnownFileType = sourcecode.c.objc; path = "UIView+RemoveSubviews.m"; sourceTree = "<group>"; };
		25B8E88F17EC9D6000826258 /* UIView+Frame.h */ = {isa = PBXFileReference; fileEncoding = 4; lastKnownFileType = sourcecode.c.h; path = "UIView+Frame.h"; sourceTree = "<group>"; };
		25B8E89017EC9D6000826258 /* UIView+Frame.m */ = {isa = PBXFileReference; fileEncoding = 4; lastKnownFileType = sourcecode.c.objc; path = "UIView+Frame.m"; sourceTree = "<group>"; };
/* End PBXFileReference section */

/* Begin PBXFrameworksBuildPhase section */
		25A7FB7417EB08950018C239 /* Frameworks */ = {
			isa = PBXFrameworksBuildPhase;
			buildActionMask = 2147483647;
			files = (
				2560466F17EB14D5008C91F7 /* JSKit.framework in Frameworks */,
				25A7FB7B17EB08950018C239 /* UIKit.framework in Frameworks */,
				25A7FB7D17EB08950018C239 /* Foundation.framework in Frameworks */,
				25A7FB7F17EB08950018C239 /* CoreGraphics.framework in Frameworks */,
			);
			runOnlyForDeploymentPostprocessing = 0;
		};
		25A7FBBC17EB09810018C239 /* Frameworks */ = {
			isa = PBXFrameworksBuildPhase;
			buildActionMask = 2147483647;
			files = (
			);
			runOnlyForDeploymentPostprocessing = 0;
		};
/* End PBXFrameworksBuildPhase section */

/* Begin PBXGroup section */
		25A7FB6E17EB08950018C239 = {
			isa = PBXGroup;
			children = (
				25A7FBA117EB09370018C239 /* sampleApp */,
				25A7FB9D17EB09370018C239 /* framework */,
				25A7FBC217EB09810018C239 /* JSKitBundle */,
				25A7FB7917EB08950018C239 /* Frameworks */,
				25A7FB7817EB08950018C239 /* Products */,
			);
			sourceTree = "<group>";
		};
		25A7FB7817EB08950018C239 /* Products */ = {
			isa = PBXGroup;
			children = (
				25A7FB7717EB08950018C239 /* JSKitSampleApp.app */,
				25A7FBBF17EB09810018C239 /* JSKit.framework */,
			);
			name = Products;
			sourceTree = "<group>";
		};
		25A7FB7917EB08950018C239 /* Frameworks */ = {
			isa = PBXGroup;
			children = (
				2560466817EB1335008C91F7 /* JSKit.framework */,
				25A7FB7A17EB08950018C239 /* UIKit.framework */,
				25A7FB7C17EB08950018C239 /* Foundation.framework */,
				25A7FB7E17EB08950018C239 /* CoreGraphics.framework */,
			);
			name = Frameworks;
			sourceTree = "<group>";
		};
		25A7FB9D17EB09370018C239 /* framework */ = {
			isa = PBXGroup;
			children = (
				2560466A17EB136F008C91F7 /* JSKit.h */,
				25A7FB9F17EB09370018C239 /* base */,
				25A7FB9E17EB09370018C239 /* asyncTask */,
				25A7FBA017EB09370018C239 /* cacher */,
				25B8E87C17EC9D1F00826258 /* categories */,
			);
			path = framework;
			sourceTree = "<group>";
		};
		25A7FB9E17EB09370018C239 /* asyncTask */ = {
			isa = PBXGroup;
			children = (
				25B8E86A17EC859B00826258 /* JSAsyncTaskManager.h */,
				25B8E86B17EC859B00826258 /* JSAsyncTaskManager.m */,
				25B8E86E17EC862600826258 /* JSAsyncTaskQueueInfo.h */,
				25B8E86F17EC862600826258 /* JSAsyncTaskQueueInfo.m */,
				25B8E86317EC827E00826258 /* JSAsyncTask.h */,
				25B8E86817EC854B00826258 /* JSAsyncTask_Private.h */,
				25B8E86417EC827E00826258 /* JSAsyncTask.m */,
			);
			path = asyncTask;
			sourceTree = "<group>";
		};
		25A7FB9F17EB09370018C239 /* base */ = {
			isa = PBXGroup;
			children = (
				2560467217EB1542008C91F7 /* JSAppDelegate.h */,
				2560467317EB1542008C91F7 /* JSAppDelegate.m */,
				2560466217EB1019008C91F7 /* JSViewController.h */,
				2560466317EB1019008C91F7 /* JSViewController.m */,
				25A7FBD117EB0A4B0018C239 /* JSView.h */,
				25A7FBD217EB0A4B0018C239 /* JSView.m */,
			);
			path = base;
			sourceTree = "<group>";
		};
		25A7FBA017EB09370018C239 /* cacher */ = {
			isa = PBXGroup;
			children = (
			);
			path = cacher;
			sourceTree = "<group>";
		};
		25A7FBA117EB09370018C239 /* sampleApp */ = {
			isa = PBXGroup;
			children = (
				25B8E87517EC9C6400826258 /* classes */,
				25A7FBA517EB09370018C239 /* core */,
				25A7FBAD17EB09370018C239 /* res */,
			);
			path = sampleApp;
			sourceTree = "<group>";
		};
		25A7FBA517EB09370018C239 /* core */ = {
			isa = PBXGroup;
			children = (
				25A7FBA617EB09370018C239 /* AppDelegate.h */,
				25A7FBA717EB09370018C239 /* AppDelegate.m */,
				25A7FBA817EB09370018C239 /* InfoPlist.strings */,
				25A7FBAA17EB09370018C239 /* JSKit-Info.plist */,
				25A7FBAB17EB09370018C239 /* JSKit-Prefix.pch */,
				25A7FBAC17EB09370018C239 /* main.m */,
			);
			path = core;
			sourceTree = "<group>";
		};
		25A7FBAD17EB09370018C239 /* res */ = {
			isa = PBXGroup;
			children = (
				25A7FBAE17EB09370018C239 /* hires */,
				25A7FBB117EB09370018C239 /* lowres */,
			);
			path = res;
			sourceTree = "<group>";
		};
		25A7FBAE17EB09370018C239 /* hires */ = {
			isa = PBXGroup;
			children = (
				25A7FBAF17EB09370018C239 /* Default-568h@2x.png */,
				25A7FBB017EB09370018C239 /* Default@2x.png */,
			);
			path = hires;
			sourceTree = "<group>";
		};
		25A7FBB117EB09370018C239 /* lowres */ = {
			isa = PBXGroup;
			children = (
				25A7FBB217EB09370018C239 /* Default.png */,
			);
			path = lowres;
			sourceTree = "<group>";
		};
		25A7FBC217EB09810018C239 /* JSKitBundle */ = {
			isa = PBXGroup;
			children = (
				25A7FBC317EB09810018C239 /* Supporting Files */,
			);
			path = JSKitBundle;
			sourceTree = "<group>";
		};
		25A7FBC317EB09810018C239 /* Supporting Files */ = {
			isa = PBXGroup;
			children = (
				25A7FBC417EB09810018C239 /* JSKitBundle-Info.plist */,
				25A7FBC517EB09810018C239 /* InfoPlist.strings */,
				25A7FBC817EB09810018C239 /* JSKitBundle-Prefix.pch */,
			);
			name = "Supporting Files";
			sourceTree = "<group>";
		};
		25B8E87517EC9C6400826258 /* classes */ = {
			isa = PBXGroup;
			children = (
				25B8E87817EC9C6400826258 /* ViewController.h */,
				25B8E87917EC9C6400826258 /* ViewController.m */,
				25B8E87617EC9C6400826258 /* AsyncTask.h */,
				25B8E87717EC9C6400826258 /* AsyncTask.m */,
			);
			path = classes;
			sourceTree = "<group>";
		};
		25B8E87C17EC9D1F00826258 /* categories */ = {
			isa = PBXGroup;
			children = (
				25B8E87D17EC9D6000826258 /* NSDictionary+BaseValues.h */,
				25B8E87E17EC9D6000826258 /* NSDictionary+BaseValues.m */,
				25B8E87F17EC9D6000826258 /* NSMutableDictionary+BaseValues.h */,
				25B8E88017EC9D6000826258 /* NSMutableDictionary+BaseValues.m */,
				25B8E88317EC9D6000826258 /* NSString+URL.h */,
				25B8E88417EC9D6000826258 /* NSString+URL.m */,
				25B8E88517EC9D6000826258 /* UIImage+CustomInit.h */,
				25B8E88617EC9D6000826258 /* UIImage+CustomInit.m */,
				25B8E88917EC9D6000826258 /* UITableView+CustomInit.h */,
				25B8E88A17EC9D6000826258 /* UITableView+CustomInit.m */,
				25B8E88B17EC9D6000826258 /* UIView+Center.h */,
				25B8E88C17EC9D6000826258 /* UIView+Center.m */,
				25B8E88D17EC9D6000826258 /* UIView+RemoveSubviews.h */,
				25B8E88E17EC9D6000826258 /* UIView+RemoveSubviews.m */,
				25B8E88F17EC9D6000826258 /* UIView+Frame.h */,
				25B8E89017EC9D6000826258 /* UIView+Frame.m */,
			);
			path = categories;
			sourceTree = "<group>";
		};
/* End PBXGroup section */

/* Begin PBXHeadersBuildPhase section */
		25A7FBD417EB0A600018C239 /* Headers */ = {
			isa = PBXHeadersBuildPhase;
			buildActionMask = 2147483647;
			files = (
				2560466417EB1019008C91F7 /* JSViewController.h in Headers */,
				25A7FBD517EB0A6A0018C239 /* JSView.h in Headers */,
				2560466B17EB136F008C91F7 /* JSKit.h in Headers */,
				25B8E86917EC854B00826258 /* JSAsyncTask_Private.h in Headers */,
				25B8E87017EC862600826258 /* JSAsyncTaskQueueInfo.h in Headers */,
				25B8E8A317EC9D6000826258 /* UIView+Frame.h in Headers */,
				25B8E8A117EC9D6000826258 /* UIView+RemoveSubviews.h in Headers */,
				25B8E89917EC9D6000826258 /* UIImage+CustomInit.h in Headers */,
				25B8E89717EC9D6000826258 /* NSString+URL.h in Headers */,
				25B8E89F17EC9D6000826258 /* UIView+Center.h in Headers */,
				25B8E89D17EC9D6000826258 /* UITableView+CustomInit.h in Headers */,
				25B8E89317EC9D6000826258 /* NSMutableDictionary+BaseValues.h in Headers */,
				25B8E89117EC9D6000826258 /* NSDictionary+BaseValues.h in Headers */,
				2560467417EB1542008C91F7 /* JSAppDelegate.h in Headers */,
				25B8E86517EC827E00826258 /* JSAsyncTask.h in Headers */,
				25B8E86C17EC859B00826258 /* JSAsyncTaskManager.h in Headers */,
			);
			runOnlyForDeploymentPostprocessing = 0;
		};
/* End PBXHeadersBuildPhase section */

/* Begin PBXNativeTarget section */
		25A7FB7617EB08950018C239 /* JSKitSampleApp */ = {
			isa = PBXNativeTarget;
			buildConfigurationList = 25A7FB9A17EB08950018C239 /* Build configuration list for PBXNativeTarget "JSKitSampleApp" */;
			buildPhases = (
				25A7FB7317EB08950018C239 /* Sources */,
				25A7FB7417EB08950018C239 /* Frameworks */,
				25A7FB7517EB08950018C239 /* Resources */,
			);
			buildRules = (
			);
			dependencies = (
				2560467117EB14DC008C91F7 /* PBXTargetDependency */,
			);
			name = JSKitSampleApp;
			productName = JSKit;
			productReference = 25A7FB7717EB08950018C239 /* JSKitSampleApp.app */;
			productType = "com.apple.product-type.application";
		};
		25A7FBBE17EB09810018C239 /* JSKit */ = {
			isa = PBXNativeTarget;
			buildConfigurationList = 25A7FBC917EB09810018C239 /* Build configuration list for PBXNativeTarget "JSKit" */;
			buildPhases = (
				25A7FBBB17EB09810018C239 /* Sources */,
				25A7FBBC17EB09810018C239 /* Frameworks */,
				25A7FBBD17EB09810018C239 /* Resources */,
				25A7FBD417EB0A600018C239 /* Headers */,
			);
			buildRules = (
			);
			dependencies = (
			);
			name = JSKit;
			productName = JSKitBundle;
			productReference = 25A7FBBF17EB09810018C239 /* JSKit.framework */;
			productType = "com.apple.product-type.bundle";
		};
/* End PBXNativeTarget section */

/* Begin PBXProject section */
		25A7FB6F17EB08950018C239 /* Project object */ = {
			isa = PBXProject;
			attributes = {
				LastUpgradeCheck = 0460;
				ORGANIZATIONNAME = "shadow coding";
			};
			buildConfigurationList = 25A7FB7217EB08950018C239 /* Build configuration list for PBXProject "JSKit" */;
			compatibilityVersion = "Xcode 3.2";
			developmentRegion = English;
			hasScannedForEncodings = 0;
			knownRegions = (
				en,
			);
			mainGroup = 25A7FB6E17EB08950018C239;
			productRefGroup = 25A7FB7817EB08950018C239 /* Products */;
			projectDirPath = "";
			projectRoot = "";
			targets = (
				25A7FB7617EB08950018C239 /* JSKitSampleApp */,
				25A7FBBE17EB09810018C239 /* JSKit */,
				25A7FBCC17EB09ED0018C239 /* JSKitFramework */,
			);
		};
/* End PBXProject section */

/* Begin PBXResourcesBuildPhase section */
		25A7FB7517EB08950018C239 /* Resources */ = {
			isa = PBXResourcesBuildPhase;
			buildActionMask = 2147483647;
			files = (
				25A7FBB517EB09370018C239 /* InfoPlist.strings in Resources */,
				25A7FBB817EB09370018C239 /* Default-568h@2x.png in Resources */,
				25A7FBB917EB09370018C239 /* Default@2x.png in Resources */,
				25A7FBBA17EB09370018C239 /* Default.png in Resources */,
			);
			runOnlyForDeploymentPostprocessing = 0;
		};
		25A7FBBD17EB09810018C239 /* Resources */ = {
			isa = PBXResourcesBuildPhase;
			buildActionMask = 2147483647;
			files = (
				25A7FBC717EB09810018C239 /* InfoPlist.strings in Resources */,
			);
			runOnlyForDeploymentPostprocessing = 0;
		};
/* End PBXResourcesBuildPhase section */

/* Begin PBXShellScriptBuildPhase section */
		25A7FBD017EB0A070018C239 /* Run Script */ = {
			isa = PBXShellScriptBuildPhase;
			buildActionMask = 2147483647;
			files = (
			);
			inputPaths = (
			);
			name = "Run Script";
			outputPaths = (
			);
			runOnlyForDeploymentPostprocessing = 0;
			shellPath = /bin/sh;
			shellScript = "# Sets the target folders and the final framework product.\nFMK_NAME=JSKit\nFMK_VERSION=A\n\n# Install dir will be the final output to the framework.\n# The following line create it in the root folder of the current project.\nINSTALL_DIR=${SRCROOT}/Products/${FMK_NAME}.framework\n\n# Working dir will be deleted after the framework creation.\nWRK_DIR=build\nDEVICE_DIR=${WRK_DIR}/\"${CONFIGURATION}\"-iphoneos/${FMK_NAME}.framework\nSIMULATOR_DIR=${WRK_DIR}/\"${CONFIGURATION}\"-iphonesimulator/${FMK_NAME}.framework\n\n#rm -r \"${WRK_DIR}\"\n\n# Building both architectures.\nxcodebuild -configuration \"${CONFIGURATION}\" -target \"${FMK_NAME}\" -sdk iphoneos\nxcodebuild -configuration \"${CONFIGURATION}\" -target \"${FMK_NAME}\" -sdk iphonesimulator\n\n# Cleaning the oldest.\nif [ -d \"${INSTALL_DIR}\" ]\nthen\nrm -rf \"${INSTALL_DIR}\"\nfi\n\n# Creates and renews the final product folder.\nmkdir -p \"${INSTALL_DIR}\"\nmkdir -p \"${INSTALL_DIR}/Versions\"\nmkdir -p \"${INSTALL_DIR}/Versions/${FMK_VERSION}\"\nmkdir -p \"${INSTALL_DIR}/Versions/${FMK_VERSION}/Resources\"\nmkdir -p \"${INSTALL_DIR}/Versions/${FMK_VERSION}/Headers\"\n\n# Creates the internal links.\n# It MUST uses relative path, otherwise will not work when the folder is copied/moved.\nln -s \"${FMK_VERSION}\" \"${INSTALL_DIR}/Versions/Current\"\nln -s \"Versions/Current/Headers\" \"${INSTALL_DIR}/Headers\"\nln -s \"Versions/Current/Resources\" \"${INSTALL_DIR}/Resources\"\nln -s \"Versions/Current/${FMK_NAME}\" \"${INSTALL_DIR}/${FMK_NAME}\"\n\n# Copies the headers and resources files to the final product folder.\ncp -R \"${DEVICE_DIR}/Headers/\" \"${INSTALL_DIR}/Versions/${FMK_VERSION}/Headers/\"\ncp -R \"${DEVICE_DIR}/\" \"${INSTALL_DIR}/Versions/${FMK_VERSION}/Resources/\"\n\n# Removes the binary and header from the resources folder.\nrm -r \"${INSTALL_DIR}/Versions/${FMK_VERSION}/Resources/Headers\" \"${INSTALL_DIR}/Versions/${FMK_VERSION}/Resources/${FMK_NAME}\"\n\n# Uses the Lipo Tool to merge both binary files (i386 + armv6/armv7) into one Universal final product.\nlipo -create \"${DEVICE_DIR}/${FMK_NAME}\" \"${SIMULATOR_DIR}/${FMK_NAME}\" -output \"${INSTALL_DIR}/Versions/${FMK_VERSION}/${FMK_NAME}\"\n\n";
		};
/* End PBXShellScriptBuildPhase section */

/* Begin PBXSourcesBuildPhase section */
		25A7FB7317EB08950018C239 /* Sources */ = {
			isa = PBXSourcesBuildPhase;
			buildActionMask = 2147483647;
			files = (
				25A7FBB417EB09370018C239 /* AppDelegate.m in Sources */,
				25B8E87A17EC9C6400826258 /* AsyncTask.m in Sources */,
				25B8E87B17EC9C6400826258 /* ViewController.m in Sources */,
				25A7FBB717EB09370018C239 /* main.m in Sources */,
			);
			runOnlyForDeploymentPostprocessing = 0;
		};
		25A7FBBB17EB09810018C239 /* Sources */ = {
			isa = PBXSourcesBuildPhase;
			buildActionMask = 2147483647;
			files = (
				25A7FBD317EB0A4B0018C239 /* JSView.m in Sources */,
				25B8E89E17EC9D6000826258 /* UITableView+CustomInit.m in Sources */,
				25B8E89A17EC9D6000826258 /* UIImage+CustomInit.m in Sources */,
				25B8E89217EC9D6000826258 /* NSDictionary+BaseValues.m in Sources */,
				2560466517EB1019008C91F7 /* JSViewController.m in Sources */,
				25B8E86D17EC859B00826258 /* JSAsyncTaskManager.m in Sources */,
				25B8E8A417EC9D6000826258 /* UIView+Frame.m in Sources */,
				25B8E8A217EC9D6000826258 /* UIView+RemoveSubviews.m in Sources */,
				25B8E89417EC9D6000826258 /* NSMutableDictionary+BaseValues.m in Sources */,
				25B8E87117EC862600826258 /* JSAsyncTaskQueueInfo.m in Sources */,
				25B8E89817EC9D6000826258 /* NSString+URL.m in Sources */,
				25B8E86617EC827E00826258 /* JSAsyncTask.m in Sources */,
				2560467517EB1542008C91F7 /* JSAppDelegate.m in Sources */,
				25B8E8A017EC9D6000826258 /* UIView+Center.m in Sources */,
			);
			runOnlyForDeploymentPostprocessing = 0;
		};
/* End PBXSourcesBuildPhase section */

/* Begin PBXTargetDependency section */
		2560467117EB14DC008C91F7 /* PBXTargetDependency */ = {
			isa = PBXTargetDependency;
			target = 25A7FBCC17EB09ED0018C239 /* JSKitFramework */;
			targetProxy = 2560467017EB14DC008C91F7 /* PBXContainerItemProxy */;
		};
/* End PBXTargetDependency section */

/* Begin PBXVariantGroup section */
		25A7FBA817EB09370018C239 /* InfoPlist.strings */ = {
			isa = PBXVariantGroup;
			children = (
				25A7FBA917EB09370018C239 /* en */,
			);
			name = InfoPlist.strings;
			sourceTree = "<group>";
		};
		25A7FBC517EB09810018C239 /* InfoPlist.strings */ = {
			isa = PBXVariantGroup;
			children = (
				25A7FBC617EB09810018C239 /* en */,
			);
			name = InfoPlist.strings;
			sourceTree = "<group>";
		};
/* End PBXVariantGroup section */

/* Begin XCBuildConfiguration section */
		25A7FB9817EB08950018C239 /* Debug */ = {
			isa = XCBuildConfiguration;
			buildSettings = {
				ALWAYS_SEARCH_USER_PATHS = NO;
				CLANG_CXX_LANGUAGE_STANDARD = "gnu++0x";
				CLANG_CXX_LIBRARY = "libc++";
				CLANG_ENABLE_OBJC_ARC = YES;
				CLANG_WARN_CONSTANT_CONVERSION = YES;
				CLANG_WARN_EMPTY_BODY = YES;
				CLANG_WARN_ENUM_CONVERSION = YES;
				CLANG_WARN_INT_CONVERSION = YES;
				CLANG_WARN__DUPLICATE_METHOD_MATCH = YES;
				"CODE_SIGN_IDENTITY[sdk=iphoneos*]" = "iPhone Developer";
				COPY_PHASE_STRIP = NO;
				GCC_C_LANGUAGE_STANDARD = gnu99;
				GCC_DYNAMIC_NO_PIC = NO;
				GCC_OPTIMIZATION_LEVEL = 0;
				GCC_PREPROCESSOR_DEFINITIONS = (
					"DEBUG=1",
					"$(inherited)",
				);
				GCC_SYMBOLS_PRIVATE_EXTERN = NO;
				GCC_WARN_ABOUT_RETURN_TYPE = YES;
				GCC_WARN_UNINITIALIZED_AUTOS = YES;
				GCC_WARN_UNUSED_VARIABLE = YES;
				IPHONEOS_DEPLOYMENT_TARGET = 6.1;
				ONLY_ACTIVE_ARCH = YES;
				SDKROOT = iphoneos;
			};
			name = Debug;
		};
		25A7FB9917EB08950018C239 /* Release */ = {
			isa = XCBuildConfiguration;
			buildSettings = {
				ALWAYS_SEARCH_USER_PATHS = NO;
				CLANG_CXX_LANGUAGE_STANDARD = "gnu++0x";
				CLANG_CXX_LIBRARY = "libc++";
				CLANG_ENABLE_OBJC_ARC = YES;
				CLANG_WARN_CONSTANT_CONVERSION = YES;
				CLANG_WARN_EMPTY_BODY = YES;
				CLANG_WARN_ENUM_CONVERSION = YES;
				CLANG_WARN_INT_CONVERSION = YES;
				CLANG_WARN__DUPLICATE_METHOD_MATCH = YES;
				"CODE_SIGN_IDENTITY[sdk=iphoneos*]" = "iPhone Developer";
				COPY_PHASE_STRIP = YES;
				GCC_C_LANGUAGE_STANDARD = gnu99;
				GCC_WARN_ABOUT_RETURN_TYPE = YES;
				GCC_WARN_UNINITIALIZED_AUTOS = YES;
				GCC_WARN_UNUSED_VARIABLE = YES;
				IPHONEOS_DEPLOYMENT_TARGET = 6.1;
				OTHER_CFLAGS = "-DNS_BLOCK_ASSERTIONS=1";
				SDKROOT = iphoneos;
				VALIDATE_PRODUCT = YES;
			};
			name = Release;
		};
		25A7FB9B17EB08950018C239 /* Debug */ = {
			isa = XCBuildConfiguration;
			buildSettings = {
				FRAMEWORK_SEARCH_PATHS = (
					"$(inherited)",
					"\"$(SRCROOT)/Products\"",
				);
				GCC_PRECOMPILE_PREFIX_HEADER = YES;
				GCC_PREFIX_HEADER = "sampleApp/core/JSKit-Prefix.pch";
				INFOPLIST_FILE = "sampleApp/core/JSKit-Info.plist";
				PRODUCT_NAME = "$(TARGET_NAME)";
				WRAPPER_EXTENSION = app;
			};
			name = Debug;
		};
		25A7FB9C17EB08950018C239 /* Release */ = {
			isa = XCBuildConfiguration;
			buildSettings = {
				FRAMEWORK_SEARCH_PATHS = (
					"$(inherited)",
					"\"$(SRCROOT)/Products\"",
				);
				GCC_PRECOMPILE_PREFIX_HEADER = YES;
				GCC_PREFIX_HEADER = "sampleApp/core/JSKit-Prefix.pch";
				INFOPLIST_FILE = "sampleApp/core/JSKit-Info.plist";
				PRODUCT_NAME = "$(TARGET_NAME)";
				WRAPPER_EXTENSION = app;
			};
			name = Release;
		};
		25A7FBCA17EB09810018C239 /* Debug */ = {
			isa = XCBuildConfiguration;
			buildSettings = {
				COMBINE_HIDPI_IMAGES = YES;
				DEAD_CODE_STRIPPING = NO;
				FRAMEWORK_SEARCH_PATHS = (
					"$(inherited)",
					"\"$(SRCROOT)/Products\"",
				);
				GCC_ENABLE_OBJC_EXCEPTIONS = YES;
				GCC_PRECOMPILE_PREFIX_HEADER = YES;
				GCC_PREFIX_HEADER = "JSKitBundle/JSKitBundle-Prefix.pch";
				GCC_WARN_64_TO_32_BIT_CONVERSION = YES;
				INFOPLIST_FILE = "JSKitBundle/JSKitBundle-Info.plist";
				INSTALL_PATH = "$(LOCAL_LIBRARY_DIR)/Bundles";
				LINK_WITH_STANDARD_LIBRARIES = NO;
				MACH_O_TYPE = mh_object;
				MACOSX_DEPLOYMENT_TARGET = 10.7;
				ONLY_ACTIVE_ARCH = NO;
				PRODUCT_NAME = "$(TARGET_NAME)";
				WRAPPER_EXTENSION = framework;
			};
			name = Debug;
		};
		25A7FBCB17EB09810018C239 /* Release */ = {
			isa = XCBuildConfiguration;
			buildSettings = {
				COMBINE_HIDPI_IMAGES = YES;
				DEAD_CODE_STRIPPING = NO;
				DEBUG_INFORMATION_FORMAT = "dwarf-with-dsym";
				FRAMEWORK_SEARCH_PATHS = (
					"$(inherited)",
					"\"$(SRCROOT)/Products\"",
				);
				GCC_ENABLE_OBJC_EXCEPTIONS = YES;
				GCC_PRECOMPILE_PREFIX_HEADER = YES;
				GCC_PREFIX_HEADER = "JSKitBundle/JSKitBundle-Prefix.pch";
				GCC_WARN_64_TO_32_BIT_CONVERSION = YES;
				INFOPLIST_FILE = "JSKitBundle/JSKitBundle-Info.plist";
				INSTALL_PATH = "$(LOCAL_LIBRARY_DIR)/Bundles";
				LINK_WITH_STANDARD_LIBRARIES = NO;
				MACH_O_TYPE = mh_object;
				MACOSX_DEPLOYMENT_TARGET = 10.7;
				ONLY_ACTIVE_ARCH = NO;
				PRODUCT_NAME = "$(TARGET_NAME)";
				WRAPPER_EXTENSION = framework;
			};
			name = Release;
		};
		25A7FBCE17EB09ED0018C239 /* Debug */ = {
			isa = XCBuildConfiguration;
			buildSettings = {
				PRODUCT_NAME = "$(TARGET_NAME)";
			};
			name = Debug;
		};
		25A7FBCF17EB09ED0018C239 /* Release */ = {
			isa = XCBuildConfiguration;
			buildSettings = {
				PRODUCT_NAME = "$(TARGET_NAME)";
			};
			name = Release;
		};
/* End XCBuildConfiguration section */

/* Begin XCConfigurationList section */
		25A7FB7217EB08950018C239 /* Build configuration list for PBXProject "JSKit" */ = {
			isa = XCConfigurationList;
			buildConfigurations = (
				25A7FB9817EB08950018C239 /* Debug */,
				25A7FB9917EB08950018C239 /* Release */,
			);
			defaultConfigurationIsVisible = 0;
			defaultConfigurationName = Release;
		};
		25A7FB9A17EB08950018C239 /* Build configuration list for PBXNativeTarget "JSKitSampleApp" */ = {
			isa = XCConfigurationList;
			buildConfigurations = (
				25A7FB9B17EB08950018C239 /* Debug */,
				25A7FB9C17EB08950018C239 /* Release */,
			);
			defaultConfigurationIsVisible = 0;
			defaultConfigurationName = Release;
		};
		25A7FBC917EB09810018C239 /* Build configuration list for PBXNativeTarget "JSKit" */ = {
			isa = XCConfigurationList;
			buildConfigurations = (
				25A7FBCA17EB09810018C239 /* Debug */,
				25A7FBCB17EB09810018C239 /* Release */,
			);
			defaultConfigurationIsVisible = 0;
			defaultConfigurationName = Release;
		};
		25A7FBCD17EB09ED0018C239 /* Build configuration list for PBXAggregateTarget "JSKitFramework" */ = {
			isa = XCConfigurationList;
			buildConfigurations = (
				25A7FBCE17EB09ED0018C239 /* Debug */,
				25A7FBCF17EB09ED0018C239 /* Release */,
			);
			defaultConfigurationIsVisible = 0;
			defaultConfigurationName = Release;
		};
/* End XCConfigurationList section */
	};
	rootObject = 25A7FB6F17EB08950018C239 /* Project object */;
}
